
Microsoft Visual Studio Solution File, Format Version 12.00
# Visual Studio Version 16
VisualStudioVersion = 16.0.31205.134
MinimumVisualStudioVersion = 10.0.40219.1
Project("{FAE04EC0-301F-11D3-BF4B-00C04F79EFBC}") = "RealLabBook", "RealLabBook\RealLabBook.csproj", "{3272223F-2843-4DE4-A100-90EFCAC9A4BF}"
EndProject
Global
	GlobalSection(SolutionConfigurationPlatforms) = preSolution
		Debug|Any CPU = Debug|Any CPU
		Release|Any CPU = Release|Any CPU
	EndGlobalSection
	GlobalSection(ProjectConfigurationPlatforms) = postSolution
		{3272223F-2843-4DE4-A100-90EFCAC9A4BF}.Debug|Any CPU.ActiveCfg = Debug|Any CPU
		{3272223F-2843-4DE4-A100-90EFCAC9A4BF}.Debug|Any CPU.Build.0 = Debug|Any CPU
		{3272223F-2843-4DE4-A100-90EFCAC9A4BF}.Release|Any CPU.ActiveCfg = Release|Any CPU
		{3272223F-2843-4DE4-A100-90EFCAC9A4BF}.Release|Any CPU.Build.0 = Release|Any CPU
	EndGlobalSection
	GlobalSection(SolutionProperties) = preSolution
		HideSolutionNode = FALSE
	EndGlobalSection
	GlobalSection(ExtensibilityGlobals) = postSolution
		SolutionGuid = {3099C0C5-411E-49C9-921B-2A4A7B2F68F6}
	EndGlobalSection
EndGlobal
